# THIS IS AN AUTOGENERATED FILE. DO NOT EDIT THIS FILE DIRECTLY.
# yarn lockfile v1


"@types/node@16.7.13":
  version "16.7.13"
  resolved "https://registry.yarnpkg.com/@types/node/-/node-16.7.13.tgz#86fae356b03b5a12f2506c6cf6cd9287b205973f"
  integrity sha512-pLUPDn+YG3FYEt/pHI74HmnJOWzeR+tOIQzUx93pi9M7D8OE7PSLr97HboXwk5F+JS+TLtWuzCOW97AHjmOXXA==

ruuvitag-parser@0.2.6:
  version "0.2.6"
  resolved "https://registry.yarnpkg.com/ruuvitag-parser/-/ruuvitag-parser-0.2.6.tgz#447fee7aa5848097554645407fc6666fb6227de0"
  integrity sha512-j+SSQ6DMZRPNr7y6HqoA5F8GBNxi77FaBClhbwPOSIC+Jqt+jvo/fYE2+f98NY7YjozhGaTMDJHUqJVzNwVlkQ==
  dependencies:
    "@types/node" "16.7.13"
